{
  "version": 4,
  "terraform_version": "1.4.6",
  "serial": 6,
  "lineage": "3eec0e5f-401a-b695-ffa1-c217ecdcee50",
  "outputs": {},
  "resources": [
    {
      "mode": "managed",
      "type": "azurerm_app_service_source_control",
      "name": "git",
      "provider": "provider[\"registry.terraform.io/hashicorp/azurerm\"]",
      "instances": [
        {
          "schema_version": 0,
          "attributes": {
            "app_id": "/subscriptions/f2389761-fd4e-49ed-bdea-bd44e2c10539/resourceGroups/ContactBookRG62802/providers/Microsoft.Web/sites/contact-book-62802",
            "branch": "master",
            "github_action_configuration": [],
            "id": "/subscriptions/f2389761-fd4e-49ed-bdea-bd44e2c10539/resourceGroups/ContactBookRG62802/providers/Microsoft.Web/sites/contact-book-62802",
            "repo_url": "https://github.com/nakov/ContactBook",
            "rollback_enabled": false,
            "scm_type": "ExternalGit",
            "timeouts": null,
            "use_local_git": false,
            "use_manual_integration": true,
            "use_mercurial": false,
            "uses_github_action": false
          },
          "sensitive_attributes": [],
          "private": "eyJlMmJmYjczMC1lY2FhLTExZTYtOGY4OC0zNDM2M2JjN2M0YzAiOnsiY3JlYXRlIjoxODAwMDAwMDAwMDAwLCJkZWxldGUiOjE4MDAwMDAwMDAwMDAsInJlYWQiOjMwMDAwMDAwMDAwMH19",
          "dependencies": [
            "azurerm_linux_web_app.appservice",
            "azurerm_resource_group.rg",
            "azurerm_service_plan.appsp",
            "random_integer.ri"
          ]
        }
      ]
    },
    {
      "mode": "managed",
      "type": "azurerm_linux_web_app",
      "name": "appservice",
      "provider": "provider[\"registry.terraform.io/hashicorp/azurerm\"]",
      "instances": [
        {
          "schema_version": 0,
          "attributes": {
            "app_settings": null,
            "auth_settings": [],
            "auth_settings_v2": [],
            "backup": [],
            "client_affinity_enabled": false,
            "client_certificate_enabled": false,
            "client_certificate_exclusion_paths": "",
            "client_certificate_mode": "Required",
            "connection_string": [],
            "custom_domain_verification_id": "EED534B83E5DB6F0843FA03B34797EBD2C993D934CF534A547DC7727BCC372A9",
            "default_hostname": "contact-book-62802.azurewebsites.net",
            "enabled": true,
            "hosting_environment_id": "",
            "https_only": false,
            "id": "/subscriptions/f2389761-fd4e-49ed-bdea-bd44e2c10539/resourceGroups/ContactBookRG62802/providers/Microsoft.Web/sites/contact-book-62802",
            "identity": [],
            "key_vault_reference_identity_id": "SystemAssigned",
            "kind": "app,linux",
            "location": "westeurope",
            "logs": [],
            "name": "contact-book-62802",
            "outbound_ip_address_list": [
              "20.126.176.160",
              "20.73.120.190",
              "20.103.95.218",
              "20.126.160.200",
              "20.126.162.118",
              "20.126.163.178",
              "20.105.216.11"
            ],
            "outbound_ip_addresses": "20.126.176.160,20.73.120.190,20.103.95.218,20.126.160.200,20.126.162.118,20.126.163.178,20.105.216.11",
            "possible_outbound_ip_address_list": [
              "20.126.176.160",
              "20.73.120.190",
              "20.103.95.218",
              "20.126.160.200",
              "20.126.162.118",
              "20.126.163.178",
              "20.126.164.227",
              "20.126.165.12",
              "20.126.165.230",
              "20.126.166.8",
              "20.126.166.76",
              "20.126.167.27",
              "20.126.167.95",
              "20.126.167.131",
              "20.31.80.11",
              "20.31.80.35",
              "20.31.80.105",
              "20.31.80.184",
              "20.31.81.16",
              "20.31.82.43",
              "20.31.82.101",
              "20.126.162.200",
              "20.126.163.83",
              "20.126.163.123",
              "20.105.216.11"
            ],
            "possible_outbound_ip_addresses": "20.126.176.160,20.73.120.190,20.103.95.218,20.126.160.200,20.126.162.118,20.126.163.178,20.126.164.227,20.126.165.12,20.126.165.230,20.126.166.8,20.126.166.76,20.126.167.27,20.126.167.95,20.126.167.131,20.31.80.11,20.31.80.35,20.31.80.105,20.31.80.184,20.31.81.16,20.31.82.43,20.31.82.101,20.126.162.200,20.126.163.83,20.126.163.123,20.105.216.11",
            "resource_group_name": "ContactBookRG62802",
            "service_plan_id": "/subscriptions/f2389761-fd4e-49ed-bdea-bd44e2c10539/resourceGroups/ContactBookRG62802/providers/Microsoft.Web/serverfarms/contact-book-plan-62802",
            "site_config": [
              {
                "always_on": false,
                "api_definition_url": "",
                "api_management_api_id": "",
                "app_command_line": "",
                "application_stack": [
                  {
                    "docker_image": "",
                    "docker_image_tag": "",
                    "dotnet_version": "",
                    "go_version": "",
                    "java_server": "",
                    "java_server_version": "",
                    "java_version": "",
                    "node_version": "16-lts",
                    "php_version": "",
                    "python_version": "",
                    "ruby_version": ""
                  }
                ],
                "auto_heal_enabled": false,
                "auto_heal_setting": [],
                "container_registry_managed_identity_client_id": "",
                "container_registry_use_managed_identity": false,
                "cors": [],
                "default_documents": [
                  "Default.htm",
                  "Default.html",
                  "Default.asp",
                  "index.htm",
                  "index.html",
                  "iisstart.htm",
                  "default.aspx",
                  "index.php",
                  "hostingstart.html"
                ],
                "detailed_error_logging_enabled": false,
                "ftps_state": "Disabled",
                "health_check_eviction_time_in_min": 0,
                "health_check_path": "",
                "http2_enabled": false,
                "ip_restriction": [],
                "linux_fx_version": "NODE|16-lts",
                "load_balancing_mode": "LeastRequests",
                "local_mysql_enabled": false,
                "managed_pipeline_mode": "Integrated",
                "minimum_tls_version": "1.2",
                "remote_debugging_enabled": false,
                "remote_debugging_version": "VS2019",
                "scm_ip_restriction": [],
                "scm_minimum_tls_version": "1.2",
                "scm_type": "None",
                "scm_use_main_ip_restriction": false,
                "use_32_bit_worker": true,
                "vnet_route_all_enabled": false,
                "websockets_enabled": false,
                "worker_count": 1
              }
            ],
            "site_credential": [
              {
                "name": "$contact-book-62802",
                "password": "btqrLcohp73WyAxkHxvLrutE7LCH1A2AiZPaGBXC062lfyglvisXhD1gjt8n"
              }
            ],
            "sticky_settings": [],
            "storage_account": [],
            "tags": null,
            "timeouts": null,
            "virtual_network_subnet_id": "",
            "zip_deploy_file": ""
          },
          "sensitive_attributes": [],
          "private": "eyJlMmJmYjczMC1lY2FhLTExZTYtOGY4OC0zNDM2M2JjN2M0YzAiOnsiY3JlYXRlIjoxODAwMDAwMDAwMDAwLCJkZWxldGUiOjE4MDAwMDAwMDAwMDAsInJlYWQiOjMwMDAwMDAwMDAwMCwidXBkYXRlIjoxODAwMDAwMDAwMDAwfX0=",
          "dependencies": [
            "azurerm_resource_group.rg",
            "azurerm_service_plan.appsp",
            "random_integer.ri"
          ]
        }
      ]
    },
    {
      "mode": "managed",
      "type": "azurerm_resource_group",
      "name": "rg",
      "provider": "provider[\"registry.terraform.io/hashicorp/azurerm\"]",
      "instances": [
        {
          "schema_version": 0,
          "attributes": {
            "id": "/subscriptions/f2389761-fd4e-49ed-bdea-bd44e2c10539/resourceGroups/ContactBookRG62802",
            "location": "westeurope",
            "name": "ContactBookRG62802",
            "tags": null,
            "timeouts": null
          },
          "sensitive_attributes": [],
          "private": "eyJlMmJmYjczMC1lY2FhLTExZTYtOGY4OC0zNDM2M2JjN2M0YzAiOnsiY3JlYXRlIjo1NDAwMDAwMDAwMDAwLCJkZWxldGUiOjU0MDAwMDAwMDAwMDAsInJlYWQiOjMwMDAwMDAwMDAwMCwidXBkYXRlIjo1NDAwMDAwMDAwMDAwfX0=",
          "dependencies": [
            "random_integer.ri"
          ]
        }
      ]
    },
    {
      "mode": "managed",
      "type": "azurerm_service_plan",
      "name": "appsp",
      "provider": "provider[\"registry.terraform.io/hashicorp/azurerm\"]",
      "instances": [
        {
          "schema_version": 0,
          "attributes": {
            "app_service_environment_id": "",
            "id": "/subscriptions/f2389761-fd4e-49ed-bdea-bd44e2c10539/resourceGroups/ContactBookRG62802/providers/Microsoft.Web/serverfarms/contact-book-plan-62802",
            "kind": "linux",
            "location": "westeurope",
            "maximum_elastic_worker_count": 1,
            "name": "contact-book-plan-62802",
            "os_type": "Linux",
            "per_site_scaling_enabled": false,
            "reserved": true,
            "resource_group_name": "ContactBookRG62802",
            "sku_name": "F1",
            "tags": null,
            "timeouts": null,
            "worker_count": 1,
            "zone_balancing_enabled": false
          },
          "sensitive_attributes": [],
          "private": "eyJlMmJmYjczMC1lY2FhLTExZTYtOGY4OC0zNDM2M2JjN2M0YzAiOnsiY3JlYXRlIjozNjAwMDAwMDAwMDAwLCJkZWxldGUiOjM2MDAwMDAwMDAwMDAsInJlYWQiOjMwMDAwMDAwMDAwMCwidXBkYXRlIjozNjAwMDAwMDAwMDAwfX0=",
          "dependencies": [
            "azurerm_resource_group.rg",
            "random_integer.ri"
          ]
        }
      ]
    },
    {
      "mode": "managed",
      "type": "random_integer",
      "name": "ri",
      "provider": "provider[\"registry.terraform.io/hashicorp/random\"]",
      "instances": [
        {
          "schema_version": 0,
          "attributes": {
            "id": "62802",
            "keepers": null,
            "max": 99999,
            "min": 10000,
            "result": 62802,
            "seed": null
          },
          "sensitive_attributes": []
        }
      ]
    }
  ],
  "check_results": null
}
